// !$*UTF8*$!
{
	archiveVersion = 1;
	classes = {
	};
	objectVersion = 46;
	objects = {

/* Begin PBXBuildFile section */
		0DA58C0A1BE101F800D7E7A9 /* AppDelegate.swift in Sources */ = {isa = PBXBuildFile; fileRef = 0DA58C091BE101F800D7E7A9 /* AppDelegate.swift */; };
		0DA58C0C1BE101F800D7E7A9 /* ViewController.swift in Sources */ = {isa = PBXBuildFile; fileRef = 0DA58C0B1BE101F800D7E7A9 /* ViewController.swift */; };
		0DA58C0F1BE101F800D7E7A9 /* Main.storyboard in Resources */ = {isa = PBXBuildFile; fileRef = 0DA58C0D1BE101F800D7E7A9 /* Main.storyboard */; };
		0DA58C121BE101F800D7E7A9 /* PushTest.xcdatamodeld in Sources */ = {isa = PBXBuildFile; fileRef = 0DA58C101BE101F800D7E7A9 /* PushTest.xcdatamodeld */; };
		0DA58C141BE101F800D7E7A9 /* Assets.xcassets in Resources */ = {isa = PBXBuildFile; fileRef = 0DA58C131BE101F800D7E7A9 /* Assets.xcassets */; };
		0DA58C171BE101F800D7E7A9 /* LaunchScreen.storyboard in Resources */ = {isa = PBXBuildFile; fileRef = 0DA58C151BE101F800D7E7A9 /* LaunchScreen.storyboard */; };
		0DA58C221BE101F800D7E7A9 /* PushTestTests.swift in Sources */ = {isa = PBXBuildFile; fileRef = 0DA58C211BE101F800D7E7A9 /* PushTestTests.swift */; };
		0DA58C2D1BE101F800D7E7A9 /* PushTestUITests.swift in Sources */ = {isa = PBXBuildFile; fileRef = 0DA58C2C1BE101F800D7E7A9 /* PushTestUITests.swift */; };
/* End PBXBuildFile section */

/* Begin PBXContainerItemProxy section */
		0DA58C1E1BE101F800D7E7A9 /* PBXContainerItemProxy */ = {
			isa = PBXContainerItemProxy;
			containerPortal = 0DA58BFE1BE101F800D7E7A9 /* Project object */;
			proxyType = 1;
			remoteGlobalIDString = 0DA58C051BE101F800D7E7A9;
			remoteInfo = PushTest;
		};
		0DA58C291BE101F800D7E7A9 /* PBXContainerItemProxy */ = {
			isa = PBXContainerItemProxy;
			containerPortal = 0DA58BFE1BE101F800D7E7A9 /* Project object */;
			proxyType = 1;
			remoteGlobalIDString = 0DA58C051BE101F800D7E7A9;
			remoteInfo = PushTest;
		};
/* End PBXContainerItemProxy section */

/* Begin PBXFileReference section */
		0DA58C061BE101F800D7E7A9 /* PushTest.app */ = {isa = PBXFileReference; explicitFileType = wrapper.application; includeInIndex = 0; path = PushTest.app; sourceTree = BUILT_PRODUCTS_DIR; };
		0DA58C091BE101F800D7E7A9 /* AppDelegate.swift */ = {isa = PBXFileReference; lastKnownFileType = sourcecode.swift; path = AppDelegate.swift; sourceTree = "<group>"; };
		0DA58C0B1BE101F800D7E7A9 /* ViewController.swift */ = {isa = PBXFileReference; lastKnownFileType = sourcecode.swift; path = ViewController.swift; sourceTree = "<group>"; };
		0DA58C0E1BE101F800D7E7A9 /* Base */ = {isa = PBXFileReference; lastKnownFileType = file.storyboard; name = Base; path = Base.lproj/Main.storyboard; sourceTree = "<group>"; };
		0DA58C111BE101F800D7E7A9 /* PushTest.xcdatamodel */ = {isa = PBXFileReference; lastKnownFileType = wrapper.xcdatamodel; path = PushTest.xcdatamodel; sourceTree = "<group>"; };
		0DA58C131BE101F800D7E7A9 /* Assets.xcassets */ = {isa = PBXFileReference; lastKnownFileType = folder.assetcatalog; path = Assets.xcassets; sourceTree = "<group>"; };
		0DA58C161BE101F800D7E7A9 /* Base */ = {isa = PBXFileReference; lastKnownFileType = file.storyboard; name = Base; path = Base.lproj/LaunchScreen.storyboard; sourceTree = "<group>"; };
		0DA58C181BE101F800D7E7A9 /* Info.plist */ = {isa = PBXFileReference; lastKnownFileType = text.plist.xml; path = Info.plist; sourceTree = "<group>"; };
		0DA58C1D1BE101F800D7E7A9 /* PushTestTests.xctest */ = {isa = PBXFileReference; explicitFileType = wrapper.cfbundle; includeInIndex = 0; path = PushTestTests.xctest; sourceTree = BUILT_PRODUCTS_DIR; };
		0DA58C211BE101F800D7E7A9 /* PushTestTests.swift */ = {isa = PBXFileReference; lastKnownFileType = sourcecode.swift; path = PushTestTests.swift; sourceTree = "<group>"; };
		0DA58C231BE101F800D7E7A9 /* Info.plist */ = {isa = PBXFileReference; lastKnownFileType = text.plist.xml; path = Info.plist; sourceTree = "<group>"; };
		0DA58C281BE101F800D7E7A9 /* PushTestUITests.xctest */ = {isa = PBXFileReference; explicitFileType = wrapper.cfbundle; includeInIndex = 0; path = PushTestUITests.xctest; sourceTree = BUILT_PRODUCTS_DIR; };
		0DA58C2C1BE101F800D7E7A9 /* PushTestUITests.swift */ = {isa = PBXFileReference; lastKnownFileType = sourcecode.swift; path = PushTestUITests.swift; sourceTree = "<group>"; };
		0DA58C2E1BE101F800D7E7A9 /* Info.plist */ = {isa = PBXFileReference; lastKnownFileType = text.plist.xml; path = Info.plist; sourceTree = "<group>"; };
/* End PBXFileReference section */

/* Begin PBXFrameworksBuildPhase section */
		0DA58C031BE101F800D7E7A9 /* Frameworks */ = {
			isa = PBXFrameworksBuildPhase;
			buildActionMask = 2147483647;
			files = (
			);
			runOnlyForDeploymentPostprocessing = 0;
		};
		0DA58C1A1BE101F800D7E7A9 /* Frameworks */ = {
			isa = PBXFrameworksBuildPhase;
			buildActionMask = 2147483647;
			files = (
			);
			runOnlyForDeploymentPostprocessing = 0;
		};
		0DA58C251BE101F800D7E7A9 /* Frameworks */ = {
			isa = PBXFrameworksBuildPhase;
			buildActionMask = 2147483647;
			files = (
			);
			runOnlyForDeploymentPostprocessing = 0;
		};
/* End PBXFrameworksBuildPhase section */

/* Begin PBXGroup section */
		0DA58BFD1BE101F800D7E7A9 = {
			isa = PBXGroup;
			children = (
				0DA58C081BE101F800D7E7A9 /* PushTest */,
				0DA58C201BE101F800D7E7A9 /* PushTestTests */,
				0DA58C2B1BE101F800D7E7A9 /* PushTestUITests */,
				0DA58C071BE101F800D7E7A9 /* Products */,
			);
			sourceTree = "<group>";
		};
		0DA58C071BE101F800D7E7A9 /* Products */ = {
			isa = PBXGroup;
			children = (
				0DA58C061BE101F800D7E7A9 /* PushTest.app */,
				0DA58C1D1BE101F800D7E7A9 /* PushTestTests.xctest */,
				0DA58C281BE101F800D7E7A9 /* PushTestUITests.xctest */,
			);
			name = Products;
			sourceTree = "<group>";
		};
		0DA58C081BE101F800D7E7A9 /* PushTest */ = {
			isa = PBXGroup;
			children = (
				0DA58C091BE101F800D7E7A9 /* AppDelegate.swift */,
				0DA58C0B1BE101F800D7E7A9 /* ViewController.swift */,
				0DA58C0D1BE101F800D7E7A9 /* Main.storyboard */,
				0DA58C131BE101F800D7E7A9 /* Assets.xcassets */,
				0DA58C151BE101F800D7E7A9 /* LaunchScreen.storyboard */,
				0DA58C181BE101F800D7E7A9 /* Info.plist */,
				0DA58C101BE101F800D7E7A9 /* PushTest.xcdatamodeld */,
			);
			path = PushTest;
			sourceTree = "<group>";
		};
		0DA58C201BE101F800D7E7A9 /* PushTestTests */ = {
			isa = PBXGroup;
			children = (
				0DA58C211BE101F800D7E7A9 /* PushTestTests.swift */,
				0DA58C231BE101F800D7E7A9 /* Info.plist */,
			);
			path = PushTestTests;
			sourceTree = "<group>";
		};
		0DA58C2B1BE101F800D7E7A9 /* PushTestUITests */ = {
			isa = PBXGroup;
			children = (
				0DA58C2C1BE101F800D7E7A9 /* PushTestUITests.swift */,
				0DA58C2E1BE101F800D7E7A9 /* Info.plist */,
			);
			path = PushTestUITests;
			sourceTree = "<group>";
		};
/* End PBXGroup section */

/* Begin PBXNativeTarget section */
		0DA58C051BE101F800D7E7A9 /* PushTest */ = {
			isa = PBXNativeTarget;
			buildConfigurationList = 0DA58C311BE101F800D7E7A9 /* Build configuration list for PBXNativeTarget "PushTest" */;
			buildPhases = (
				0DA58C021BE101F800D7E7A9 /* Sources */,
				0DA58C031BE101F800D7E7A9 /* Frameworks */,
				0DA58C041BE101F800D7E7A9 /* Resources */,
			);
			buildRules = (
			);
			dependencies = (
			);
			name = PushTest;
			productName = PushTest;
			productReference = 0DA58C061BE101F800D7E7A9 /* PushTest.app */;
			productType = "com.apple.product-type.application";
		};
		0DA58C1C1BE101F800D7E7A9 /* PushTestTests */ = {
			isa = PBXNativeTarget;
			buildConfigurationList = 0DA58C341BE101F800D7E7A9 /* Build configuration list for PBXNativeTarget "PushTestTests" */;
			buildPhases = (
				0DA58C191BE101F800D7E7A9 /* Sources */,
				0DA58C1A1BE101F800D7E7A9 /* Frameworks */,
				0DA58C1B1BE101F800D7E7A9 /* Resources */,
			);
			buildRules = (
			);
			dependencies = (
				0DA58C1F1BE101F800D7E7A9 /* PBXTargetDependency */,
			);
			name = PushTestTests;
			productName = PushTestTests;
			productReference = 0DA58C1D1BE101F800D7E7A9 /* PushTestTests.xctest */;
			productType = "com.apple.product-type.bundle.unit-test";
		};
		0DA58C271BE101F800D7E7A9 /* PushTestUITests */ = {
			isa = PBXNativeTarget;
			buildConfigurationList = 0DA58C371BE101F800D7E7A9 /* Build configuration list for PBXNativeTarget "PushTestUITests" */;
			buildPhases = (
				0DA58C241BE101F800D7E7A9 /* Sources */,
				0DA58C251BE101F800D7E7A9 /* Frameworks */,
				0DA58C261BE101F800D7E7A9 /* Resources */,
			);
			buildRules = (
			);
			dependencies = (
				0DA58C2A1BE101F800D7E7A9 /* PBXTargetDependency */,
			);
			name = PushTestUITests;
			productName = PushTestUITests;
			productReference = 0DA58C281BE101F800D7E7A9 /* PushTestUITests.xctest */;
			productType = "com.apple.product-type.bundle.ui-testing";
		};
/* End PBXNativeTarget section */

/* Begin PBXProject section */
		0DA58BFE1BE101F800D7E7A9 /* Project object */ = {
			isa = PBXProject;
			attributes = {
				LastSwiftUpdateCheck = 0710;
				LastUpgradeCheck = 0710;
				ORGANIZATIONNAME = "Malik Bunton";
				TargetAttributes = {
					0DA58C051BE101F800D7E7A9 = {
						CreatedOnToolsVersion = 7.1;
						DevelopmentTeam = 94PQJ2LBQ7;
					};
					0DA58C1C1BE101F800D7E7A9 = {
						CreatedOnToolsVersion = 7.1;
						DevelopmentTeam = 94PQJ2LBQ7;
						TestTargetID = 0DA58C051BE101F800D7E7A9;
					};
					0DA58C271BE101F800D7E7A9 = {
						CreatedOnToolsVersion = 7.1;
						DevelopmentTeam = 94PQJ2LBQ7;
						TestTargetID = 0DA58C051BE101F800D7E7A9;
					};
				};
			};
			buildConfigurationList = 0DA58C011BE101F800D7E7A9 /* Build configuration list for PBXProject "PushTest" */;
			compatibilityVersion = "Xcode 3.2";
			developmentRegion = English;
			hasScannedForEncodings = 0;
			knownRegions = (
				en,
				Base,
			);
			mainGroup = 0DA58BFD1BE101F800D7E7A9;
			productRefGroup = 0DA58C071BE101F800D7E7A9 /* Products */;
			projectDirPath = "";
			projectRoot = "";
			targets = (
				0DA58C051BE101F800D7E7A9 /* PushTest */,
				0DA58C1C1BE101F800D7E7A9 /* PushTestTests */,
				0DA58C271BE101F800D7E7A9 /* PushTestUITests */,
			);
		};
/* End PBXProject section */

/* Begin PBXResourcesBuildPhase section */
		0DA58C041BE101F800D7E7A9 /* Resources */ = {
			isa = PBXResourcesBuildPhase;
			buildActionMask = 2147483647;
			files = (
				0DA58C171BE101F800D7E7A9 /* LaunchScreen.storyboard in Resources */,
				0DA58C141BE101F800D7E7A9 /* Assets.xcassets in Resources */,
				0DA58C0F1BE101F800D7E7A9 /* Main.storyboard in Resources */,
			);
			runOnlyForDeploymentPostprocessing = 0;
		};
		0DA58C1B1BE101F800D7E7A9 /* Resources */ = {
			isa = PBXResourcesBuildPhase;
			buildActionMask = 2147483647;
			files = (
			);
			runOnlyForDeploymentPostprocessing = 0;
		};
		0DA58C261BE101F800D7E7A9 /* Resources */ = {
			isa = PBXResourcesBuildPhase;
			buildActionMask = 2147483647;
			files = (
			);
			runOnlyForDeploymentPostprocessing = 0;
		};
/* End PBXResourcesBuildPhase section */

/* Begin PBXSourcesBuildPhase section */
		0DA58C021BE101F800D7E7A9 /* Sources */ = {
			isa = PBXSourcesBuildPhase;
			buildActionMask = 2147483647;
			files = (
				0DA58C0C1BE101F800D7E7A9 /* ViewController.swift in Sources */,
				0DA58C121BE101F800D7E7A9 /* PushTest.xcdatamodeld in Sources */,
				0DA58C0A1BE101F800D7E7A9 /* AppDelegate.swift in Sources */,
			);
			runOnlyForDeploymentPostprocessing = 0;
		};
		0DA58C191BE101F800D7E7A9 /* Sources */ = {
			isa = PBXSourcesBuildPhase;
			buildActionMask = 2147483647;
			files = (
				0DA58C221BE101F800D7E7A9 /* PushTestTests.swift in Sources */,
			);
			runOnlyForDeploymentPostprocessing = 0;
		};
		0DA58C241BE101F800D7E7A9 /* Sources */ = {
			isa = PBXSourcesBuildPhase;
			buildActionMask = 2147483647;
			files = (
				0DA58C2D1BE101F800D7E7A9 /* PushTestUITests.swift in Sources */,
			);
			runOnlyForDeploymentPostprocessing = 0;
		};
/* End PBXSourcesBuildPhase section */

/* Begin PBXTargetDependency section */
		0DA58C1F1BE101F800D7E7A9 /* PBXTargetDependency */ = {
			isa = PBXTargetDependency;
			target = 0DA58C051BE101F800D7E7A9 /* PushTest */;
			targetProxy = 0DA58C1E1BE101F800D7E7A9 /* PBXContainerItemProxy */;
		};
		0DA58C2A1BE101F800D7E7A9 /* PBXTargetDependency */ = {
			isa = PBXTargetDependency;
			target = 0DA58C051BE101F800D7E7A9 /* PushTest */;
			targetProxy = 0DA58C291BE101F800D7E7A9 /* PBXContainerItemProxy */;
		};
/* End PBXTargetDependency section */

/* Begin PBXVariantGroup section */
		0DA58C0D1BE101F800D7E7A9 /* Main.storyboard */ = {
			isa = PBXVariantGroup;
			children = (
				0DA58C0E1BE101F800D7E7A9 /* Base */,
			);
			name = Main.storyboard;
			sourceTree = "<group>";
		};
		0DA58C151BE101F800D7E7A9 /* LaunchScreen.storyboard */ = {
			isa = PBXVariantGroup;
			children = (
				0DA58C161BE101F800D7E7A9 /* Base */,
			);
			name = LaunchScreen.storyboard;
			sourceTree = "<group>";
		};
/* End PBXVariantGroup section */

/* Begin XCBuildConfiguration section */
		0DA58C2F1BE101F800D7E7A9 /* Debug */ = {
			isa = XCBuildConfiguration;
			buildSettings = {
				ALWAYS_SEARCH_USER_PATHS = NO;
				CLANG_CXX_LANGUAGE_STANDARD = "gnu++0x";
				CLANG_CXX_LIBRARY = "libc++";
				CLANG_ENABLE_MODULES = YES;
				CLANG_ENABLE_OBJC_ARC = YES;
				CLANG_WARN_BOOL_CONVERSION = YES;
				CLANG_WARN_CONSTANT_CONVERSION = YES;
				CLANG_WARN_DIRECT_OBJC_ISA_USAGE = YES_ERROR;
				CLANG_WARN_EMPTY_BODY = YES;
				CLANG_WARN_ENUM_CONVERSION = YES;
				CLANG_WARN_INT_CONVERSION = YES;
				CLANG_WARN_OBJC_ROOT_CLASS = YES_ERROR;
				CLANG_WARN_UNREACHABLE_CODE = YES;
				CLANG_WARN__DUPLICATE_METHOD_MATCH = YES;
				"CODE_SIGN_IDENTITY[sdk=iphoneos*]" = "iPhone Developer";
				COPY_PHASE_STRIP = NO;
				DEBUG_INFORMATION_FORMAT = dwarf;
				ENABLE_STRICT_OBJC_MSGSEND = YES;
				ENABLE_TESTABILITY = YES;
				GCC_C_LANGUAGE_STANDARD = gnu99;
				GCC_DYNAMIC_NO_PIC = NO;
				GCC_NO_COMMON_BLOCKS = YES;
				GCC_OPTIMIZATION_LEVEL = 0;
				GCC_PREPROCESSOR_DEFINITIONS = (
					"DEBUG=1",
					"$(inherited)",
				);
				GCC_WARN_64_TO_32_BIT_CONVERSION = YES;
				GCC_WARN_ABOUT_RETURN_TYPE = YES_ERROR;
				GCC_WARN_UNDECLARED_SELECTOR = YES;
				GCC_WARN_UNINITIALIZED_AUTOS = YES_AGGRESSIVE;
				GCC_WARN_UNUSED_FUNCTION = YES;
				GCC_WARN_UNUSED_VARIABLE = YES;
				IPHONEOS_DEPLOYMENT_TARGET = 9.1;
				MTL_ENABLE_DEBUG_INFO = YES;
				ONLY_ACTIVE_ARCH = YES;
				SDKROOT = iphoneos;
				SWIFT_OPTIMIZATION_LEVEL = "-Onone";
			};
			name = Debug;
		};
		0DA58C301BE101F800D7E7A9 /* Release */ = {
			isa = XCBuildConfiguration;
			buildSettings = {
				ALWAYS_SEARCH_USER_PATHS = NO;
				CLANG_CXX_LANGUAGE_STANDARD = "gnu++0x";
				CLANG_CXX_LIBRARY = "libc++";
				CLANG_ENABLE_MODULES = YES;
				CLANG_ENABLE_OBJC_ARC = YES;
				CLANG_WARN_BOOL_CONVERSION = YES;
				CLANG_WARN_CONSTANT_CONVERSION = YES;
				CLANG_WARN_DIRECT_OBJC_ISA_USAGE = YES_ERROR;
				CLANG_WARN_EMPTY_BODY = YES;
				CLANG_WARN_ENUM_CONVERSION = YES;
				CLANG_WARN_INT_CONVERSION = YES;
				CLANG_WARN_OBJC_ROOT_CLASS = YES_ERROR;
				CLANG_WARN_UNREACHABLE_CODE = YES;
				CLANG_WARN__DUPLICATE_METHOD_MATCH = YES;
				"CODE_SIGN_IDENTITY[sdk=iphoneos*]" = "iPhone Developer";
				COPY_PHASE_STRIP = NO;
				DEBUG_INFORMATION_FORMAT = "dwarf-with-dsym";
				ENABLE_NS_ASSERTIONS = NO;
				ENABLE_STRICT_OBJC_MSGSEND = YES;
				GCC_C_LANGUAGE_STANDARD = gnu99;
				GCC_NO_COMMON_BLOCKS = YES;
				GCC_WARN_64_TO_32_BIT_CONVERSION = YES;
				GCC_WARN_ABOUT_RETURN_TYPE = YES_ERROR;
				GCC_WARN_UNDECLARED_SELECTOR = YES;
				GCC_WARN_UNINITIALIZED_AUTOS = YES_AGGRESSIVE;
				GCC_WARN_UNUSED_FUNCTION = YES;
				GCC_WARN_UNUSED_VARIABLE = YES;
				IPHONEOS_DEPLOYMENT_TARGET = 9.1;
				MTL_ENABLE_DEBUG_INFO = NO;
				SDKROOT = iphoneos;
				VALIDATE_PRODUCT = YES;
			};
			name = Release;
		};
		0DA58C321BE101F800D7E7A9 /* Debug */ = {
			isa = XCBuildConfiguration;
			buildSettings = {
				ASSETCATALOG_COMPILER_APPICON_NAME = AppIcon;
				INFOPLIST_FILE = PushTest/Info.plist;
				LD_RUNPATH_SEARCH_PATHS = "$(inherited) @executable_path/Frameworks";
				PRODUCT_BUNDLE_IDENTIFIER = com.malikbunton.PushTest;
				PRODUCT_NAME = "$(TARGET_NAME)";
			};
			name = Debug;
		};
		0DA58C331BE101F800D7E7A9 /* Release */ = {
			isa = XCBuildConfiguration;
			buildSettings = {
				ASSETCATALOG_COMPILER_APPICON_NAME = AppIcon;
				INFOPLIST_FILE = PushTest/Info.plist;
				LD_RUNPATH_SEARCH_PATHS = "$(inherited) @executable_path/Frameworks";
				PRODUCT_BUNDLE_IDENTIFIER = com.malikbunton.PushTest;
				PRODUCT_NAME = "$(TARGET_NAME)";
			};
			name = Release;
		};
		0DA58C351BE101F800D7E7A9 /* Debug */ = {
			isa = XCBuildConfiguration;
			buildSettings = {
				BUNDLE_LOADER = "$(TEST_HOST)";
				INFOPLIST_FILE = PushTestTests/Info.plist;
				LD_RUNPATH_SEARCH_PATHS = "$(inherited) @executable_path/Frameworks @loader_path/Frameworks";
				PRODUCT_BUNDLE_IDENTIFIER = com.malikbunton.PushTestTests;
				PRODUCT_NAME = "$(TARGET_NAME)";
				TEST_HOST = "$(BUILT_PRODUCTS_DIR)/PushTest.app/PushTest";
			};
			name = Debug;
		};
		0DA58C361BE101F800D7E7A9 /* Release */ = {
			isa = XCBuildConfiguration;
			buildSettings = {
				BUNDLE_LOADER = "$(TEST_HOST)";
				INFOPLIST_FILE = PushTestTests/Info.plist;
				LD_RUNPATH_SEARCH_PATHS = "$(inherited) @executable_path/Frameworks @loader_path/Frameworks";
				PRODUCT_BUNDLE_IDENTIFIER = com.malikbunton.PushTestTests;
				PRODUCT_NAME = "$(TARGET_NAME)";
				TEST_HOST = "$(BUILT_PRODUCTS_DIR)/PushTest.app/PushTest";
			};
			name = Release;
		};
		0DA58C381BE101F800D7E7A9 /* Debug */ = {
			isa = XCBuildConfiguration;
			buildSettings = {
				INFOPLIST_FILE = PushTestUITests/Info.plist;
				LD_RUNPATH_SEARCH_PATHS = "$(inherited) @executable_path/Frameworks @loader_path/Frameworks";
				PRODUCT_BUNDLE_IDENTIFIER = com.malikbunton.PushTestUITests;
				PRODUCT_NAME = "$(TARGET_NAME)";
				TEST_TARGET_NAME = PushTest;
				USES_XCTRUNNER = YES;
			};
			name = Debug;
		};
		0DA58C391BE101F800D7E7A9 /* Release */ = {
			isa = XCBuildConfiguration;
			buildSettings = {
				INFOPLIST_FILE = PushTestUITests/Info.plist;
				LD_RUNPATH_SEARCH_PATHS = "$(inherited) @executable_path/Frameworks @loader_path/Frameworks";
				PRODUCT_BUNDLE_IDENTIFIER = com.malikbunton.PushTestUITests;
				PRODUCT_NAME = "$(TARGET_NAME)";
				TEST_TARGET_NAME = PushTest;
				USES_XCTRUNNER = YES;
			};
			name = Release;
		};
/* End XCBuildConfiguration section */

/* Begin XCConfigurationList section */
		0DA58C011BE101F800D7E7A9 /* Build configuration list for PBXProject "PushTest" */ = {
			isa = XCConfigurationList;
			buildConfigurations = (
				0DA58C2F1BE101F800D7E7A9 /* Debug */,
				0DA58C301BE101F800D7E7A9 /* Release */,
			);
			defaultConfigurationIsVisible = 0;
			defaultConfigurationName = Release;
		};
		0DA58C311BE101F800D7E7A9 /* Build configuration list for PBXNativeTarget "PushTest" */ = {
			isa = XCConfigurationList;
			buildConfigurations = (
				0DA58C321BE101F800D7E7A9 /* Debug */,
				0DA58C331BE101F800D7E7A9 /* Release */,
			);
			defaultConfigurationIsVisible = 0;
		};
		0DA58C341BE101F800D7E7A9 /* Build configuration list for PBXNativeTarget "PushTestTests" */ = {
			isa = XCConfigurationList;
			buildConfigurations = (
				0DA58C351BE101F800D7E7A9 /* Debug */,
				0DA58C361BE101F800D7E7A9 /* Release */,
			);
			defaultConfigurationIsVisible = 0;
		};
		0DA58C371BE101F800D7E7A9 /* Build configuration list for PBXNativeTarget "PushTestUITests" */ = {
			isa = XCConfigurationList;
			buildConfigurations = (
				0DA58C381BE101F800D7E7A9 /* Debug */,
				0DA58C391BE101F800D7E7A9 /* Release */,
			);
			defaultConfigurationIsVisible = 0;
		};
/* End XCConfigurationList section */

/* Begin XCVersionGroup section */
		0DA58C101BE101F800D7E7A9 /* PushTest.xcdatamodeld */ = {
			isa = XCVersionGroup;
			children = (
				0DA58C111BE101F800D7E7A9 /* PushTest.xcdatamodel */,
			);
			currentVersion = 0DA58C111BE101F800D7E7A9 /* PushTest.xcdatamodel */;
			path = PushTest.xcdatamodeld;
			sourceTree = "<group>";
			versionGroupType = wrapper.xcdatamodel;
		};
/* End XCVersionGroup section */
	};
	rootObject = 0DA58BFE1BE101F800D7E7A9 /* Project object */;
}
